
Microsoft Visual Studio Solution File, Format Version 12.00
# Visual Studio Version 17
VisualStudioVersion = 17.5.33530.505
MinimumVisualStudioVersion = 10.0.40219.1
Project("{FAE04EC0-301F-11D3-BF4B-00C04F79EFBC}") = "ProjetWpf2023", "ProjetWpf2023\ProjetWpf2023.csproj", "{170C70D9-65BE-47CC-852A-7A42E26E159B}"
EndProject
Global
	GlobalSection(SolutionConfigurationPlatforms) = preSolution
		Debug|Any CPU = Debug|Any CPU
		Release|Any CPU = Release|Any CPU
	EndGlobalSection
	GlobalSection(ProjectConfigurationPlatforms) = postSolution
		{170C70D9-65BE-47CC-852A-7A42E26E159B}.Debug|Any CPU.ActiveCfg = Debug|Any CPU
		{170C70D9-65BE-47CC-852A-7A42E26E159B}.Debug|Any CPU.Build.0 = Debug|Any CPU
		{170C70D9-65BE-47CC-852A-7A42E26E159B}.Release|Any CPU.ActiveCfg = Release|Any CPU
		{170C70D9-65BE-47CC-852A-7A42E26E159B}.Release|Any CPU.Build.0 = Release|Any CPU
	EndGlobalSection
	GlobalSection(SolutionProperties) = preSolution
		HideSolutionNode = FALSE
	EndGlobalSection
	GlobalSection(ExtensibilityGlobals) = postSolution
		SolutionGuid = {BF606C4D-EDD1-4C8C-8CEA-2FAA652E7334}
	EndGlobalSection
EndGlobal
